
Microsoft Visual Studio Solution File, Format Version 12.00
# Visual Studio Version 17
VisualStudioVersion = 17.11.34929.205
MinimumVisualStudioVersion = 10.0.40219.1
Project("{FAE04EC0-301F-11D3-BF4B-00C04F79EFBC}") = "Influence.Core", "Influence.Core\Influence.Core.csproj", "{89F13FF2-8BEC-4FAF-B47F-27C6600024E1}"
EndProject
Global
	GlobalSection(SolutionConfigurationPlatforms) = preSolution
		Debug|Any CPU = Debug|Any CPU
		Release|Any CPU = Release|Any CPU
	EndGlobalSection
	GlobalSection(ProjectConfigurationPlatforms) = postSolution
		{89F13FF2-8BEC-4FAF-B47F-27C6600024E1}.Debug|Any CPU.ActiveCfg = Debug|Any CPU
		{89F13FF2-8BEC-4FAF-B47F-27C6600024E1}.Debug|Any CPU.Build.0 = Debug|Any CPU
		{89F13FF2-8BEC-4FAF-B47F-27C6600024E1}.Release|Any CPU.ActiveCfg = Release|Any CPU
		{89F13FF2-8BEC-4FAF-B47F-27C6600024E1}.Release|Any CPU.Build.0 = Release|Any CPU
	EndGlobalSection
	GlobalSection(SolutionProperties) = preSolution
		HideSolutionNode = FALSE
	EndGlobalSection
	GlobalSection(ExtensibilityGlobals) = postSolution
		SolutionGuid = {143C6460-C6A0-44C5-9F6F-5A718592F6E2}
	EndGlobalSection
EndGlobal
