
Microsoft Visual Studio Solution File, Format Version 12.00
# Visual Studio Version 17
VisualStudioVersion = 17.10.34902.84
MinimumVisualStudioVersion = 10.0.40219.1
Project("{9A19103F-16F7-4668-BE54-9A1E7A4F7556}") = "Influence.Graphics", "Influence.Graphics\Influence.Graphics.csproj", "{3B9C92B9-822D-4C5D-AD26-D4627FB5B8ED}"
EndProject
Project("{9A19103F-16F7-4668-BE54-9A1E7A4F7556}") = "Influence.Core", "Influence.Core\Influence.Core.csproj", "{C7759CED-0EC7-4EAE-88F0-1994740FD594}"
EndProject
Project("{9A19103F-16F7-4668-BE54-9A1E7A4F7556}") = "Unit-Test", "Unit-Test\Unit-Test.csproj", "{E84A0DE8-4F00-4E48-9855-06D957E30E0C}"
EndProject
Global
	GlobalSection(SolutionConfigurationPlatforms) = preSolution
		Debug|Any CPU = Debug|Any CPU
		Release|Any CPU = Release|Any CPU
	EndGlobalSection
	GlobalSection(ProjectConfigurationPlatforms) = postSolution
		{3B9C92B9-822D-4C5D-AD26-D4627FB5B8ED}.Debug|Any CPU.ActiveCfg = Debug|Any CPU
		{3B9C92B9-822D-4C5D-AD26-D4627FB5B8ED}.Debug|Any CPU.Build.0 = Debug|Any CPU
		{3B9C92B9-822D-4C5D-AD26-D4627FB5B8ED}.Release|Any CPU.ActiveCfg = Release|Any CPU
		{3B9C92B9-822D-4C5D-AD26-D4627FB5B8ED}.Release|Any CPU.Build.0 = Release|Any CPU
		{C7759CED-0EC7-4EAE-88F0-1994740FD594}.Debug|Any CPU.ActiveCfg = Debug|Any CPU
		{C7759CED-0EC7-4EAE-88F0-1994740FD594}.Debug|Any CPU.Build.0 = Debug|Any CPU
		{C7759CED-0EC7-4EAE-88F0-1994740FD594}.Release|Any CPU.ActiveCfg = Release|Any CPU
		{C7759CED-0EC7-4EAE-88F0-1994740FD594}.Release|Any CPU.Build.0 = Release|Any CPU
		{E84A0DE8-4F00-4E48-9855-06D957E30E0C}.Debug|Any CPU.ActiveCfg = Debug|Any CPU
		{E84A0DE8-4F00-4E48-9855-06D957E30E0C}.Debug|Any CPU.Build.0 = Debug|Any CPU
		{E84A0DE8-4F00-4E48-9855-06D957E30E0C}.Release|Any CPU.ActiveCfg = Release|Any CPU
		{E84A0DE8-4F00-4E48-9855-06D957E30E0C}.Release|Any CPU.Build.0 = Release|Any CPU
	EndGlobalSection
	GlobalSection(SolutionProperties) = preSolution
		HideSolutionNode = FALSE
	EndGlobalSection
	GlobalSection(ExtensibilityGlobals) = postSolution
		SolutionGuid = {A05B6ED1-D7BC-46E7-B986-5BFB960CD3E1}
	EndGlobalSection
EndGlobal
